// !$*UTF8*$!
{
	archiveVersion = 1;
	classes = {
	};
	objectVersion = 46;
	objects = {

/* Begin PBXBuildFile section */
		F9324DE3194D92470044A27D /* AppDelegate.swift in Sources */ = {isa = PBXBuildFile; fileRef = F9324DE2194D92470044A27D /* AppDelegate.swift */; };
		F9324DE5194D92470044A27D /* ViewController.swift in Sources */ = {isa = PBXBuildFile; fileRef = F9324DE4194D92470044A27D /* ViewController.swift */; };
		F9324DE8194D92470044A27D /* Main.storyboard in Resources */ = {isa = PBXBuildFile; fileRef = F9324DE6194D92470044A27D /* Main.storyboard */; };
		F9324DEA194D92470044A27D /* Images.xcassets in Resources */ = {isa = PBXBuildFile; fileRef = F9324DE9194D92470044A27D /* Images.xcassets */; };
		F9324DF6194D92470044A27D /* TipCalculatorTests.swift in Sources */ = {isa = PBXBuildFile; fileRef = F9324DF5194D92470044A27D /* TipCalculatorTests.swift */; };
/* End PBXBuildFile section */

/* Begin PBXContainerItemProxy section */
		F9324DF0194D92470044A27D /* PBXContainerItemProxy */ = {
			isa = PBXContainerItemProxy;
			containerPortal = F9324DD5194D92470044A27D /* Project object */;
			proxyType = 1;
			remoteGlobalIDString = F9324DDC194D92470044A27D;
			remoteInfo = TipCalculator;
		};
/* End PBXContainerItemProxy section */

/* Begin PBXFileReference section */
		F9324DDD194D92470044A27D /* TipCalculator.app */ = {isa = PBXFileReference; explicitFileType = wrapper.application; includeInIndex = 0; path = TipCalculator.app; sourceTree = BUILT_PRODUCTS_DIR; };
		F9324DE1194D92470044A27D /* Info.plist */ = {isa = PBXFileReference; lastKnownFileType = text.plist.xml; path = Info.plist; sourceTree = "<group>"; };
		F9324DE2194D92470044A27D /* AppDelegate.swift */ = {isa = PBXFileReference; lastKnownFileType = sourcecode.swift; path = AppDelegate.swift; sourceTree = "<group>"; };
		F9324DE4194D92470044A27D /* ViewController.swift */ = {isa = PBXFileReference; lastKnownFileType = sourcecode.swift; path = ViewController.swift; sourceTree = "<group>"; };
		F9324DE7194D92470044A27D /* Base */ = {isa = PBXFileReference; lastKnownFileType = file.storyboard; name = Base; path = Base.lproj/Main.storyboard; sourceTree = "<group>"; };
		F9324DE9194D92470044A27D /* Images.xcassets */ = {isa = PBXFileReference; lastKnownFileType = folder.assetcatalog; path = Images.xcassets; sourceTree = "<group>"; };
		F9324DEF194D92470044A27D /* TipCalculatorTests.xctest */ = {isa = PBXFileReference; explicitFileType = wrapper.cfbundle; includeInIndex = 0; path = TipCalculatorTests.xctest; sourceTree = BUILT_PRODUCTS_DIR; };
		F9324DF4194D92470044A27D /* Info.plist */ = {isa = PBXFileReference; lastKnownFileType = text.plist.xml; path = Info.plist; sourceTree = "<group>"; };
		F9324DF5194D92470044A27D /* TipCalculatorTests.swift */ = {isa = PBXFileReference; lastKnownFileType = sourcecode.swift; path = TipCalculatorTests.swift; sourceTree = "<group>"; };
/* End PBXFileReference section */

/* Begin PBXFrameworksBuildPhase section */
		F9324DDA194D92470044A27D /* Frameworks */ = {
			isa = PBXFrameworksBuildPhase;
			buildActionMask = 2147483647;
			files = (
			);
			runOnlyForDeploymentPostprocessing = 0;
		};
		F9324DEC194D92470044A27D /* Frameworks */ = {
			isa = PBXFrameworksBuildPhase;
			buildActionMask = 2147483647;
			files = (
			);
			runOnlyForDeploymentPostprocessing = 0;
		};
/* End PBXFrameworksBuildPhase section */

/* Begin PBXGroup section */
		F9324DD4194D92470044A27D = {
			isa = PBXGroup;
			children = (
				F9324DDF194D92470044A27D /* TipCalculator */,
				F9324DF2194D92470044A27D /* TipCalculatorTests */,
				F9324DDE194D92470044A27D /* Products */,
			);
			sourceTree = "<group>";
		};
		F9324DDE194D92470044A27D /* Products */ = {
			isa = PBXGroup;
			children = (
				F9324DDD194D92470044A27D /* TipCalculator.app */,
				F9324DEF194D92470044A27D /* TipCalculatorTests.xctest */,
			);
			name = Products;
			sourceTree = "<group>";
		};
		F9324DDF194D92470044A27D /* TipCalculator */ = {
			isa = PBXGroup;
			children = (
				F9324DE2194D92470044A27D /* AppDelegate.swift */,
				F9324DE4194D92470044A27D /* ViewController.swift */,
				F9324DE6194D92470044A27D /* Main.storyboard */,
				F9324DE9194D92470044A27D /* Images.xcassets */,
				F9324DE0194D92470044A27D /* Supporting Files */,
			);
			path = TipCalculator;
			sourceTree = "<group>";
		};
		F9324DE0194D92470044A27D /* Supporting Files */ = {
			isa = PBXGroup;
			children = (
				F9324DE1194D92470044A27D /* Info.plist */,
			);
			name = "Supporting Files";
			sourceTree = "<group>";
		};
		F9324DF2194D92470044A27D /* TipCalculatorTests */ = {
			isa = PBXGroup;
			children = (
				F9324DF5194D92470044A27D /* TipCalculatorTests.swift */,
				F9324DF3194D92470044A27D /* Supporting Files */,
			);
			path = TipCalculatorTests;
			sourceTree = "<group>";
		};
		F9324DF3194D92470044A27D /* Supporting Files */ = {
			isa = PBXGroup;
			children = (
				F9324DF4194D92470044A27D /* Info.plist */,
			);
			name = "Supporting Files";
			sourceTree = "<group>";
		};
/* End PBXGroup section */

/* Begin PBXNativeTarget section */
		F9324DDC194D92470044A27D /* TipCalculator */ = {
			isa = PBXNativeTarget;
			buildConfigurationList = F9324DF9194D92470044A27D /* Build configuration list for PBXNativeTarget "TipCalculator" */;
			buildPhases = (
				F9324DD9194D92470044A27D /* Sources */,
				F9324DDA194D92470044A27D /* Frameworks */,
				F9324DDB194D92470044A27D /* Resources */,
			);
			buildRules = (
			);
			dependencies = (
			);
			name = TipCalculator;
			productName = TipCalculator;
			productReference = F9324DDD194D92470044A27D /* TipCalculator.app */;
			productType = "com.apple.product-type.application";
		};
		F9324DEE194D92470044A27D /* TipCalculatorTests */ = {
			isa = PBXNativeTarget;
			buildConfigurationList = F9324DFC194D92470044A27D /* Build configuration list for PBXNativeTarget "TipCalculatorTests" */;
			buildPhases = (
				F9324DEB194D92470044A27D /* Sources */,
				F9324DEC194D92470044A27D /* Frameworks */,
				F9324DED194D92470044A27D /* Resources */,
			);
			buildRules = (
			);
			dependencies = (
				F9324DF1194D92470044A27D /* PBXTargetDependency */,
			);
			name = TipCalculatorTests;
			productName = TipCalculatorTests;
			productReference = F9324DEF194D92470044A27D /* TipCalculatorTests.xctest */;
			productType = "com.apple.product-type.bundle.unit-test";
		};
/* End PBXNativeTarget section */

/* Begin PBXProject section */
		F9324DD5194D92470044A27D /* Project object */ = {
			isa = PBXProject;
			attributes = {
				LastUpgradeCheck = 0600;
				ORGANIZATIONNAME = "Hector Enrique Gomez Morales";
				TargetAttributes = {
					F9324DDC194D92470044A27D = {
						CreatedOnToolsVersion = 6.0;
					};
					F9324DEE194D92470044A27D = {
						CreatedOnToolsVersion = 6.0;
						TestTargetID = F9324DDC194D92470044A27D;
					};
				};
			};
			buildConfigurationList = F9324DD8194D92470044A27D /* Build configuration list for PBXProject "TipCalculator" */;
			compatibilityVersion = "Xcode 3.2";
			developmentRegion = English;
			hasScannedForEncodings = 0;
			knownRegions = (
				en,
				Base,
			);
			mainGroup = F9324DD4194D92470044A27D;
			productRefGroup = F9324DDE194D92470044A27D /* Products */;
			projectDirPath = "";
			projectRoot = "";
			targets = (
				F9324DDC194D92470044A27D /* TipCalculator */,
				F9324DEE194D92470044A27D /* TipCalculatorTests */,
			);
		};
/* End PBXProject section */

/* Begin PBXResourcesBuildPhase section */
		F9324DDB194D92470044A27D /* Resources */ = {
			isa = PBXResourcesBuildPhase;
			buildActionMask = 2147483647;
			files = (
				F9324DE8194D92470044A27D /* Main.storyboard in Resources */,
				F9324DEA194D92470044A27D /* Images.xcassets in Resources */,
			);
			runOnlyForDeploymentPostprocessing = 0;
		};
		F9324DED194D92470044A27D /* Resources */ = {
			isa = PBXResourcesBuildPhase;
			buildActionMask = 2147483647;
			files = (
			);
			runOnlyForDeploymentPostprocessing = 0;
		};
/* End PBXResourcesBuildPhase section */

/* Begin PBXSourcesBuildPhase section */
		F9324DD9194D92470044A27D /* Sources */ = {
			isa = PBXSourcesBuildPhase;
			buildActionMask = 2147483647;
			files = (
				F9324DE5194D92470044A27D /* ViewController.swift in Sources */,
				F9324DE3194D92470044A27D /* AppDelegate.swift in Sources */,
			);
			runOnlyForDeploymentPostprocessing = 0;
		};
		F9324DEB194D92470044A27D /* Sources */ = {
			isa = PBXSourcesBuildPhase;
			buildActionMask = 2147483647;
			files = (
				F9324DF6194D92470044A27D /* TipCalculatorTests.swift in Sources */,
			);
			runOnlyForDeploymentPostprocessing = 0;
		};
/* End PBXSourcesBuildPhase section */

/* Begin PBXTargetDependency section */
		F9324DF1194D92470044A27D /* PBXTargetDependency */ = {
			isa = PBXTargetDependency;
			target = F9324DDC194D92470044A27D /* TipCalculator */;
			targetProxy = F9324DF0194D92470044A27D /* PBXContainerItemProxy */;
		};
/* End PBXTargetDependency section */

/* Begin PBXVariantGroup section */
		F9324DE6194D92470044A27D /* Main.storyboard */ = {
			isa = PBXVariantGroup;
			children = (
				F9324DE7194D92470044A27D /* Base */,
			);
			name = Main.storyboard;
			sourceTree = "<group>";
		};
/* End PBXVariantGroup section */

/* Begin XCBuildConfiguration section */
		F9324DF7194D92470044A27D /* Debug */ = {
			isa = XCBuildConfiguration;
			buildSettings = {
				ALWAYS_SEARCH_USER_PATHS = NO;
				CLANG_CXX_LANGUAGE_STANDARD = "gnu++0x";
				CLANG_CXX_LIBRARY = "libc++";
				CLANG_ENABLE_MODULES = YES;
				CLANG_ENABLE_OBJC_ARC = YES;
				CLANG_WARN_BOOL_CONVERSION = YES;
				CLANG_WARN_CONSTANT_CONVERSION = YES;
				CLANG_WARN_DIRECT_OBJC_ISA_USAGE = YES_ERROR;
				CLANG_WARN_EMPTY_BODY = YES;
				CLANG_WARN_ENUM_CONVERSION = YES;
				CLANG_WARN_INT_CONVERSION = YES;
				CLANG_WARN_OBJC_ROOT_CLASS = YES_ERROR;
				CLANG_WARN_UNREACHABLE_CODE = YES;
				CLANG_WARN__DUPLICATE_METHOD_MATCH = YES;
				"CODE_SIGN_IDENTITY[sdk=iphoneos*]" = "iPhone Developer";
				COPY_PHASE_STRIP = NO;
				ENABLE_STRICT_OBJC_MSGSEND = YES;
				GCC_C_LANGUAGE_STANDARD = gnu99;
				GCC_DYNAMIC_NO_PIC = NO;
				GCC_OPTIMIZATION_LEVEL = 0;
				GCC_PREPROCESSOR_DEFINITIONS = (
					"DEBUG=1",
					"$(inherited)",
				);
				GCC_SYMBOLS_PRIVATE_EXTERN = NO;
				GCC_WARN_64_TO_32_BIT_CONVERSION = YES;
				GCC_WARN_ABOUT_RETURN_TYPE = YES_ERROR;
				GCC_WARN_UNDECLARED_SELECTOR = YES;
				GCC_WARN_UNINITIALIZED_AUTOS = YES_AGGRESSIVE;
				GCC_WARN_UNUSED_FUNCTION = YES;
				GCC_WARN_UNUSED_VARIABLE = YES;
				IPHONEOS_DEPLOYMENT_TARGET = 8.0;
				METAL_ENABLE_DEBUG_INFO = YES;
				ONLY_ACTIVE_ARCH = YES;
				SDKROOT = iphoneos;
				SWIFT_OPTIMIZATION_LEVEL = "-Onone";
			};
			name = Debug;
		};
		F9324DF8194D92470044A27D /* Release */ = {
			isa = XCBuildConfiguration;
			buildSettings = {
				ALWAYS_SEARCH_USER_PATHS = NO;
				CLANG_CXX_LANGUAGE_STANDARD = "gnu++0x";
				CLANG_CXX_LIBRARY = "libc++";
				CLANG_ENABLE_MODULES = YES;
				CLANG_ENABLE_OBJC_ARC = YES;
				CLANG_WARN_BOOL_CONVERSION = YES;
				CLANG_WARN_CONSTANT_CONVERSION = YES;
				CLANG_WARN_DIRECT_OBJC_ISA_USAGE = YES_ERROR;
				CLANG_WARN_EMPTY_BODY = YES;
				CLANG_WARN_ENUM_CONVERSION = YES;
				CLANG_WARN_INT_CONVERSION = YES;
				CLANG_WARN_OBJC_ROOT_CLASS = YES_ERROR;
				CLANG_WARN_UNREACHABLE_CODE = YES;
				CLANG_WARN__DUPLICATE_METHOD_MATCH = YES;
				"CODE_SIGN_IDENTITY[sdk=iphoneos*]" = "iPhone Developer";
				COPY_PHASE_STRIP = YES;
				ENABLE_NS_ASSERTIONS = NO;
				ENABLE_STRICT_OBJC_MSGSEND = YES;
				GCC_C_LANGUAGE_STANDARD = gnu99;
				GCC_WARN_64_TO_32_BIT_CONVERSION = YES;
				GCC_WARN_ABOUT_RETURN_TYPE = YES_ERROR;
				GCC_WARN_UNDECLARED_SELECTOR = YES;
				GCC_WARN_UNINITIALIZED_AUTOS = YES_AGGRESSIVE;
				GCC_WARN_UNUSED_FUNCTION = YES;
				GCC_WARN_UNUSED_VARIABLE = YES;
				IPHONEOS_DEPLOYMENT_TARGET = 8.0;
				METAL_ENABLE_DEBUG_INFO = NO;
				SDKROOT = iphoneos;
				VALIDATE_PRODUCT = YES;
			};
			name = Release;
		};
		F9324DFA194D92470044A27D /* Debug */ = {
			isa = XCBuildConfiguration;
			buildSettings = {
				ASSETCATALOG_COMPILER_APPICON_NAME = AppIcon;
				ASSETCATALOG_COMPILER_LAUNCHIMAGE_NAME = LaunchImage;
				INFOPLIST_FILE = TipCalculator/Info.plist;
				LD_RUNPATH_SEARCH_PATHS = "$(inherited) @executable_path/Frameworks";
				PRODUCT_NAME = "$(TARGET_NAME)";
			};
			name = Debug;
		};
		F9324DFB194D92470044A27D /* Release */ = {
			isa = XCBuildConfiguration;
			buildSettings = {
				ASSETCATALOG_COMPILER_APPICON_NAME = AppIcon;
				ASSETCATALOG_COMPILER_LAUNCHIMAGE_NAME = LaunchImage;
				INFOPLIST_FILE = TipCalculator/Info.plist;
				LD_RUNPATH_SEARCH_PATHS = "$(inherited) @executable_path/Frameworks";
				PRODUCT_NAME = "$(TARGET_NAME)";
			};
			name = Release;
		};
		F9324DFD194D92470044A27D /* Debug */ = {
			isa = XCBuildConfiguration;
			buildSettings = {
				BUNDLE_LOADER = "$(BUILT_PRODUCTS_DIR)/TipCalculator.app/TipCalculator";
				FRAMEWORK_SEARCH_PATHS = (
					"$(SDKROOT)/Developer/Library/Frameworks",
					"$(inherited)",
				);
				GCC_PREPROCESSOR_DEFINITIONS = (
					"DEBUG=1",
					"$(inherited)",
				);
				INFOPLIST_FILE = TipCalculatorTests/Info.plist;
				LD_RUNPATH_SEARCH_PATHS = "$(inherited) @executable_path/Frameworks @loader_path/Frameworks";
				METAL_ENABLE_DEBUG_INFO = YES;
				PRODUCT_NAME = "$(TARGET_NAME)";
				TEST_HOST = "$(BUNDLE_LOADER)";
			};
			name = Debug;
		};
		F9324DFE194D92470044A27D /* Release */ = {
			isa = XCBuildConfiguration;
			buildSettings = {
				BUNDLE_LOADER = "$(BUILT_PRODUCTS_DIR)/TipCalculator.app/TipCalculator";
				FRAMEWORK_SEARCH_PATHS = (
					"$(SDKROOT)/Developer/Library/Frameworks",
					"$(inherited)",
				);
				INFOPLIST_FILE = TipCalculatorTests/Info.plist;
				LD_RUNPATH_SEARCH_PATHS = "$(inherited) @executable_path/Frameworks @loader_path/Frameworks";
				METAL_ENABLE_DEBUG_INFO = NO;
				PRODUCT_NAME = "$(TARGET_NAME)";
				TEST_HOST = "$(BUNDLE_LOADER)";
			};
			name = Release;
		};
/* End XCBuildConfiguration section */

/* Begin XCConfigurationList section */
		F9324DD8194D92470044A27D /* Build configuration list for PBXProject "TipCalculator" */ = {
			isa = XCConfigurationList;
			buildConfigurations = (
				F9324DF7194D92470044A27D /* Debug */,
				F9324DF8194D92470044A27D /* Release */,
			);
			defaultConfigurationIsVisible = 0;
			defaultConfigurationName = Release;
		};
		F9324DF9194D92470044A27D /* Build configuration list for PBXNativeTarget "TipCalculator" */ = {
			isa = XCConfigurationList;
			buildConfigurations = (
				F9324DFA194D92470044A27D /* Debug */,
				F9324DFB194D92470044A27D /* Release */,
			);
			defaultConfigurationIsVisible = 0;
		};
		F9324DFC194D92470044A27D /* Build configuration list for PBXNativeTarget "TipCalculatorTests" */ = {
			isa = XCConfigurationList;
			buildConfigurations = (
				F9324DFD194D92470044A27D /* Debug */,
				F9324DFE194D92470044A27D /* Release */,
			);
			defaultConfigurationIsVisible = 0;
		};
/* End XCConfigurationList section */
	};
	rootObject = F9324DD5194D92470044A27D /* Project object */;
}
